
Microsoft Visual Studio Solution File, Format Version 12.00
# Visual Studio Version 17
VisualStudioVersion = 17.14.36518.9 d17.14
MinimumVisualStudioVersion = 10.0.40219.1
Project("{FAE04EC0-301F-11D3-BF4B-00C04F79EFBC}") = "AspnetCoreRestApi", "AspnetCoreRestApi\AspnetCoreRestApi.csproj", "{50094F60-3DE0-4D3D-9234-A4E210209D41}"
EndProject
Global
	GlobalSection(SolutionConfigurationPlatforms) = preSolution
		Debug|Any CPU = Debug|Any CPU
		Release|Any CPU = Release|Any CPU
	EndGlobalSection
	GlobalSection(ProjectConfigurationPlatforms) = postSolution
		{50094F60-3DE0-4D3D-9234-A4E210209D41}.Debug|Any CPU.ActiveCfg = Debug|Any CPU
		{50094F60-3DE0-4D3D-9234-A4E210209D41}.Debug|Any CPU.Build.0 = Debug|Any CPU
		{50094F60-3DE0-4D3D-9234-A4E210209D41}.Release|Any CPU.ActiveCfg = Release|Any CPU
		{50094F60-3DE0-4D3D-9234-A4E210209D41}.Release|Any CPU.Build.0 = Release|Any CPU
	EndGlobalSection
	GlobalSection(SolutionProperties) = preSolution
		HideSolutionNode = FALSE
	EndGlobalSection
	GlobalSection(ExtensibilityGlobals) = postSolution
		SolutionGuid = {189363C5-6FE1-4EED-813A-627CF00A9E38}
	EndGlobalSection
EndGlobal
